
Microsoft Visual Studio Solution File, Format Version 12.00
# Visual Studio 15
VisualStudioVersion = 15.0.28307.421
MinimumVisualStudioVersion = 10.0.40219.1
Project("{9A19103F-16F7-4668-BE54-9A1E7A4F7556}") = "01", "01\01.csproj", "{CE9861ED-4272-40F8-A1F6-0A4DB8EA2721}"
EndProject
Project("{9A19103F-16F7-4668-BE54-9A1E7A4F7556}") = "02", "02\02.csproj", "{25C5DB9F-0C7C-4381-9616-7BC0A06EF794}"
EndProject
Project("{9A19103F-16F7-4668-BE54-9A1E7A4F7556}") = "03", "03\03.csproj", "{C0D2B36B-82F0-46CD-9D61-20B8D16A16CD}"
EndProject
Project("{9A19103F-16F7-4668-BE54-9A1E7A4F7556}") = "04", "04\04.csproj", "{195E8D43-8DF1-4B53-AAC3-F628924A145F}"
EndProject
Project("{9A19103F-16F7-4668-BE54-9A1E7A4F7556}") = "05", "05\05.csproj", "{4F5FC9D9-DC69-4552-9DD1-34C558824A8D}"
EndProject
Project("{9A19103F-16F7-4668-BE54-9A1E7A4F7556}") = "06", "06\06.csproj", "{F29FA453-2388-4EC5-AE5A-A0F61DBC3A57}"
EndProject
Project("{FAE04EC0-301F-11D3-BF4B-00C04F79EFBC}") = "07", "07\07.csproj", "{648DFA06-0547-4D7A-9012-6D3E634B7BB0}"
EndProject
Global
	GlobalSection(SolutionConfigurationPlatforms) = preSolution
		Debug|Any CPU = Debug|Any CPU
		Release|Any CPU = Release|Any CPU
	EndGlobalSection
	GlobalSection(ProjectConfigurationPlatforms) = postSolution
		{CE9861ED-4272-40F8-A1F6-0A4DB8EA2721}.Debug|Any CPU.ActiveCfg = Debug|Any CPU
		{CE9861ED-4272-40F8-A1F6-0A4DB8EA2721}.Debug|Any CPU.Build.0 = Debug|Any CPU
		{CE9861ED-4272-40F8-A1F6-0A4DB8EA2721}.Release|Any CPU.ActiveCfg = Release|Any CPU
		{CE9861ED-4272-40F8-A1F6-0A4DB8EA2721}.Release|Any CPU.Build.0 = Release|Any CPU
		{25C5DB9F-0C7C-4381-9616-7BC0A06EF794}.Debug|Any CPU.ActiveCfg = Debug|Any CPU
		{25C5DB9F-0C7C-4381-9616-7BC0A06EF794}.Debug|Any CPU.Build.0 = Debug|Any CPU
		{25C5DB9F-0C7C-4381-9616-7BC0A06EF794}.Release|Any CPU.ActiveCfg = Release|Any CPU
		{25C5DB9F-0C7C-4381-9616-7BC0A06EF794}.Release|Any CPU.Build.0 = Release|Any CPU
		{C0D2B36B-82F0-46CD-9D61-20B8D16A16CD}.Debug|Any CPU.ActiveCfg = Debug|Any CPU
		{C0D2B36B-82F0-46CD-9D61-20B8D16A16CD}.Debug|Any CPU.Build.0 = Debug|Any CPU
		{C0D2B36B-82F0-46CD-9D61-20B8D16A16CD}.Release|Any CPU.ActiveCfg = Release|Any CPU
		{C0D2B36B-82F0-46CD-9D61-20B8D16A16CD}.Release|Any CPU.Build.0 = Release|Any CPU
		{195E8D43-8DF1-4B53-AAC3-F628924A145F}.Debug|Any CPU.ActiveCfg = Debug|Any CPU
		{195E8D43-8DF1-4B53-AAC3-F628924A145F}.Debug|Any CPU.Build.0 = Debug|Any CPU
		{195E8D43-8DF1-4B53-AAC3-F628924A145F}.Release|Any CPU.ActiveCfg = Release|Any CPU
		{195E8D43-8DF1-4B53-AAC3-F628924A145F}.Release|Any CPU.Build.0 = Release|Any CPU
		{4F5FC9D9-DC69-4552-9DD1-34C558824A8D}.Debug|Any CPU.ActiveCfg = Debug|Any CPU
		{4F5FC9D9-DC69-4552-9DD1-34C558824A8D}.Debug|Any CPU.Build.0 = Debug|Any CPU
		{4F5FC9D9-DC69-4552-9DD1-34C558824A8D}.Release|Any CPU.ActiveCfg = Release|Any CPU
		{4F5FC9D9-DC69-4552-9DD1-34C558824A8D}.Release|Any CPU.Build.0 = Release|Any CPU
		{F29FA453-2388-4EC5-AE5A-A0F61DBC3A57}.Debug|Any CPU.ActiveCfg = Debug|Any CPU
		{F29FA453-2388-4EC5-AE5A-A0F61DBC3A57}.Debug|Any CPU.Build.0 = Debug|Any CPU
		{F29FA453-2388-4EC5-AE5A-A0F61DBC3A57}.Release|Any CPU.ActiveCfg = Release|Any CPU
		{F29FA453-2388-4EC5-AE5A-A0F61DBC3A57}.Release|Any CPU.Build.0 = Release|Any CPU
		{648DFA06-0547-4D7A-9012-6D3E634B7BB0}.Debug|Any CPU.ActiveCfg = Debug|Any CPU
		{648DFA06-0547-4D7A-9012-6D3E634B7BB0}.Debug|Any CPU.Build.0 = Debug|Any CPU
		{648DFA06-0547-4D7A-9012-6D3E634B7BB0}.Release|Any CPU.ActiveCfg = Release|Any CPU
		{648DFA06-0547-4D7A-9012-6D3E634B7BB0}.Release|Any CPU.Build.0 = Release|Any CPU
	EndGlobalSection
	GlobalSection(SolutionProperties) = preSolution
		HideSolutionNode = FALSE
	EndGlobalSection
	GlobalSection(ExtensibilityGlobals) = postSolution
		SolutionGuid = {32164B1A-1E01-4387-80B9-E6EDB2CB4B9C}
	EndGlobalSection
EndGlobal
