
Microsoft Visual Studio Solution File, Format Version 12.00
# Visual Studio 15
VisualStudioVersion = 15.0.28306.52
MinimumVisualStudioVersion = 10.0.40219.1
Project("{FAE04EC0-301F-11D3-BF4B-00C04F79EFBC}") = "InterfaceInfoSelect", "InterfaceInfoSelect\InterfaceInfoSelect.csproj", "{12503BDD-7BCF-4E66-8960-AB3A67C93698}"
EndProject
Global
	GlobalSection(SolutionConfigurationPlatforms) = preSolution
		Debug|Any CPU = Debug|Any CPU
		Release|Any CPU = Release|Any CPU
	EndGlobalSection
	GlobalSection(ProjectConfigurationPlatforms) = postSolution
		{12503BDD-7BCF-4E66-8960-AB3A67C93698}.Debug|Any CPU.ActiveCfg = Debug|Any CPU
		{12503BDD-7BCF-4E66-8960-AB3A67C93698}.Debug|Any CPU.Build.0 = Debug|Any CPU
		{12503BDD-7BCF-4E66-8960-AB3A67C93698}.Release|Any CPU.ActiveCfg = Release|Any CPU
		{12503BDD-7BCF-4E66-8960-AB3A67C93698}.Release|Any CPU.Build.0 = Release|Any CPU
	EndGlobalSection
	GlobalSection(SolutionProperties) = preSolution
		HideSolutionNode = FALSE
	EndGlobalSection
	GlobalSection(ExtensibilityGlobals) = postSolution
		SolutionGuid = {8F240904-5032-428A-A66F-D9798A47C03E}
	EndGlobalSection
EndGlobal
