
Microsoft Visual Studio Solution File, Format Version 12.00
# Visual Studio 15
VisualStudioVersion = 15.0.28307.421
MinimumVisualStudioVersion = 10.0.40219.1
Project("{FAE04EC0-301F-11D3-BF4B-00C04F79EFBC}") = "01", "Associative Arrays - Exercise\01.csproj", "{2449B459-7E64-495F-890A-558854EA1EB9}"
EndProject
Project("{FAE04EC0-301F-11D3-BF4B-00C04F79EFBC}") = "02", "02\02.csproj", "{F2347E19-91D4-41CA-B411-EB06E83DB654}"
EndProject
Project("{FAE04EC0-301F-11D3-BF4B-00C04F79EFBC}") = "03", "03\03.csproj", "{C2EF4BA2-97D1-43F5-B66E-50602AFD93B2}"
EndProject
Project("{FAE04EC0-301F-11D3-BF4B-00C04F79EFBC}") = "04", "04\04.csproj", "{ED57997E-261F-42EE-A82B-FA355F7B1F4D}"
EndProject
Global
	GlobalSection(SolutionConfigurationPlatforms) = preSolution
		Debug|Any CPU = Debug|Any CPU
		Release|Any CPU = Release|Any CPU
	EndGlobalSection
	GlobalSection(ProjectConfigurationPlatforms) = postSolution
		{2449B459-7E64-495F-890A-558854EA1EB9}.Debug|Any CPU.ActiveCfg = Debug|Any CPU
		{2449B459-7E64-495F-890A-558854EA1EB9}.Debug|Any CPU.Build.0 = Debug|Any CPU
		{2449B459-7E64-495F-890A-558854EA1EB9}.Release|Any CPU.ActiveCfg = Release|Any CPU
		{2449B459-7E64-495F-890A-558854EA1EB9}.Release|Any CPU.Build.0 = Release|Any CPU
		{F2347E19-91D4-41CA-B411-EB06E83DB654}.Debug|Any CPU.ActiveCfg = Debug|Any CPU
		{F2347E19-91D4-41CA-B411-EB06E83DB654}.Debug|Any CPU.Build.0 = Debug|Any CPU
		{F2347E19-91D4-41CA-B411-EB06E83DB654}.Release|Any CPU.ActiveCfg = Release|Any CPU
		{F2347E19-91D4-41CA-B411-EB06E83DB654}.Release|Any CPU.Build.0 = Release|Any CPU
		{C2EF4BA2-97D1-43F5-B66E-50602AFD93B2}.Debug|Any CPU.ActiveCfg = Debug|Any CPU
		{C2EF4BA2-97D1-43F5-B66E-50602AFD93B2}.Debug|Any CPU.Build.0 = Debug|Any CPU
		{C2EF4BA2-97D1-43F5-B66E-50602AFD93B2}.Release|Any CPU.ActiveCfg = Release|Any CPU
		{C2EF4BA2-97D1-43F5-B66E-50602AFD93B2}.Release|Any CPU.Build.0 = Release|Any CPU
		{ED57997E-261F-42EE-A82B-FA355F7B1F4D}.Debug|Any CPU.ActiveCfg = Debug|Any CPU
		{ED57997E-261F-42EE-A82B-FA355F7B1F4D}.Debug|Any CPU.Build.0 = Debug|Any CPU
		{ED57997E-261F-42EE-A82B-FA355F7B1F4D}.Release|Any CPU.ActiveCfg = Release|Any CPU
		{ED57997E-261F-42EE-A82B-FA355F7B1F4D}.Release|Any CPU.Build.0 = Release|Any CPU
	EndGlobalSection
	GlobalSection(SolutionProperties) = preSolution
		HideSolutionNode = FALSE
	EndGlobalSection
	GlobalSection(ExtensibilityGlobals) = postSolution
		SolutionGuid = {CEFF0CAB-F536-4543-BCA1-9195901E7060}
	EndGlobalSection
EndGlobal
